// !$*UTF8*$!
{
	archiveVersion = 1;
	classes = {
	};
	objectVersion = 56;
	objects = {

/* Begin PBXBuildFile section */
		4FD60D8329115635002BAC30 /* PracticeMemoApp.swift in Sources */ = {isa = PBXBuildFile; fileRef = 4FD60D8229115635002BAC30 /* PracticeMemoApp.swift */; };
		4FD60D8529115635002BAC30 /* Persistence.swift in Sources */ = {isa = PBXBuildFile; fileRef = 4FD60D8429115635002BAC30 /* Persistence.swift */; };
		4FD60D8829115635002BAC30 /* PracticeMemo.xcdatamodeld in Sources */ = {isa = PBXBuildFile; fileRef = 4FD60D8629115635002BAC30 /* PracticeMemo.xcdatamodeld */; };
		4FD60D8C29115635002BAC30 /* Assets.xcassets in Resources */ = {isa = PBXBuildFile; fileRef = 4FD60D8B29115635002BAC30 /* Assets.xcassets */; };
		4FD60D9029115635002BAC30 /* Preview Assets.xcassets in Resources */ = {isa = PBXBuildFile; fileRef = 4FD60D8F29115635002BAC30 /* Preview Assets.xcassets */; };
		4FD60D9729115686002BAC30 /* MainListView.swift in Sources */ = {isa = PBXBuildFile; fileRef = 4FD60D9629115686002BAC30 /* MainListView.swift */; };
		4FD60D9B29115715002BAC30 /* Memo.swift in Sources */ = {isa = PBXBuildFile; fileRef = 4FD60D9A29115715002BAC30 /* Memo.swift */; };
		4FD60D9D29115793002BAC30 /* MemoStore.swift in Sources */ = {isa = PBXBuildFile; fileRef = 4FD60D9C29115793002BAC30 /* MemoStore.swift */; };
		4FD60DA029120788002BAC30 /* MemoCell.swift in Sources */ = {isa = PBXBuildFile; fileRef = 4FD60D9F29120788002BAC30 /* MemoCell.swift */; };
		4FD60DA229120801002BAC30 /* ComposeView.swift in Sources */ = {isa = PBXBuildFile; fileRef = 4FD60DA129120801002BAC30 /* ComposeView.swift */; };
/* End PBXBuildFile section */

/* Begin PBXFileReference section */
		4FD60D7F29115635002BAC30 /* PracticeMemo.app */ = {isa = PBXFileReference; explicitFileType = wrapper.application; includeInIndex = 0; path = PracticeMemo.app; sourceTree = BUILT_PRODUCTS_DIR; };
		4FD60D8229115635002BAC30 /* PracticeMemoApp.swift */ = {isa = PBXFileReference; lastKnownFileType = sourcecode.swift; path = PracticeMemoApp.swift; sourceTree = "<group>"; };
		4FD60D8429115635002BAC30 /* Persistence.swift */ = {isa = PBXFileReference; lastKnownFileType = sourcecode.swift; path = Persistence.swift; sourceTree = "<group>"; };
		4FD60D8729115635002BAC30 /* PracticeMemo.xcdatamodel */ = {isa = PBXFileReference; lastKnownFileType = wrapper.xcdatamodel; path = PracticeMemo.xcdatamodel; sourceTree = "<group>"; };
		4FD60D8B29115635002BAC30 /* Assets.xcassets */ = {isa = PBXFileReference; lastKnownFileType = folder.assetcatalog; path = Assets.xcassets; sourceTree = "<group>"; };
		4FD60D8D29115635002BAC30 /* PracticeMemo.entitlements */ = {isa = PBXFileReference; lastKnownFileType = text.plist.entitlements; path = PracticeMemo.entitlements; sourceTree = "<group>"; };
		4FD60D8F29115635002BAC30 /* Preview Assets.xcassets */ = {isa = PBXFileReference; lastKnownFileType = folder.assetcatalog; path = "Preview Assets.xcassets"; sourceTree = "<group>"; };
		4FD60D9629115686002BAC30 /* MainListView.swift */ = {isa = PBXFileReference; lastKnownFileType = sourcecode.swift; path = MainListView.swift; sourceTree = "<group>"; };
		4FD60D9A29115715002BAC30 /* Memo.swift */ = {isa = PBXFileReference; lastKnownFileType = sourcecode.swift; path = Memo.swift; sourceTree = "<group>"; };
		4FD60D9C29115793002BAC30 /* MemoStore.swift */ = {isa = PBXFileReference; lastKnownFileType = sourcecode.swift; path = MemoStore.swift; sourceTree = "<group>"; };
		4FD60D9F29120788002BAC30 /* MemoCell.swift */ = {isa = PBXFileReference; lastKnownFileType = sourcecode.swift; path = MemoCell.swift; sourceTree = "<group>"; };
		4FD60DA129120801002BAC30 /* ComposeView.swift */ = {isa = PBXFileReference; lastKnownFileType = sourcecode.swift; path = ComposeView.swift; sourceTree = "<group>"; };
/* End PBXFileReference section */

/* Begin PBXFrameworksBuildPhase section */
		4FD60D7C29115635002BAC30 /* Frameworks */ = {
			isa = PBXFrameworksBuildPhase;
			buildActionMask = 2147483647;
			files = (
			);
			runOnlyForDeploymentPostprocessing = 0;
		};
/* End PBXFrameworksBuildPhase section */

/* Begin PBXGroup section */
		4FD60D7629115635002BAC30 = {
			isa = PBXGroup;
			children = (
				4FD60D8129115635002BAC30 /* PracticeMemo */,
				4FD60D8029115635002BAC30 /* Products */,
			);
			sourceTree = "<group>";
		};
		4FD60D8029115635002BAC30 /* Products */ = {
			isa = PBXGroup;
			children = (
				4FD60D7F29115635002BAC30 /* PracticeMemo.app */,
			);
			name = Products;
			sourceTree = "<group>";
		};
		4FD60D8129115635002BAC30 /* PracticeMemo */ = {
			isa = PBXGroup;
			children = (
				4FD60D9E2912077A002BAC30 /* View */,
				4FD60D99291156A5002BAC30 /* Memory */,
				4FD60D982911569E002BAC30 /* CoreData */,
				4FD60D8429115635002BAC30 /* Persistence.swift */,
				4FD60D8B29115635002BAC30 /* Assets.xcassets */,
				4FD60D8D29115635002BAC30 /* PracticeMemo.entitlements */,
				4FD60D8629115635002BAC30 /* PracticeMemo.xcdatamodeld */,
				4FD60D8E29115635002BAC30 /* Preview Content */,
			);
			path = PracticeMemo;
			sourceTree = "<group>";
		};
		4FD60D8E29115635002BAC30 /* Preview Content */ = {
			isa = PBXGroup;
			children = (
				4FD60D8F29115635002BAC30 /* Preview Assets.xcassets */,
			);
			path = "Preview Content";
			sourceTree = "<group>";
		};
		4FD60D982911569E002BAC30 /* CoreData */ = {
			isa = PBXGroup;
			children = (
				4FD60D8229115635002BAC30 /* PracticeMemoApp.swift */,
			);
			path = CoreData;
			sourceTree = "<group>";
		};
		4FD60D99291156A5002BAC30 /* Memory */ = {
			isa = PBXGroup;
			children = (
				4FD60D9A29115715002BAC30 /* Memo.swift */,
				4FD60D9C29115793002BAC30 /* MemoStore.swift */,
			);
			path = Memory;
			sourceTree = "<group>";
		};
		4FD60D9E2912077A002BAC30 /* View */ = {
			isa = PBXGroup;
			children = (
				4FD60D9629115686002BAC30 /* MainListView.swift */,
				4FD60D9F29120788002BAC30 /* MemoCell.swift */,
				4FD60DA129120801002BAC30 /* ComposeView.swift */,
			);
			path = View;
			sourceTree = "<group>";
		};
/* End PBXGroup section */

/* Begin PBXNativeTarget section */
		4FD60D7E29115635002BAC30 /* PracticeMemo */ = {
			isa = PBXNativeTarget;
			buildConfigurationList = 4FD60D9329115635002BAC30 /* Build configuration list for PBXNativeTarget "PracticeMemo" */;
			buildPhases = (
				4FD60D7B29115635002BAC30 /* Sources */,
				4FD60D7C29115635002BAC30 /* Frameworks */,
				4FD60D7D29115635002BAC30 /* Resources */,
			);
			buildRules = (
			);
			dependencies = (
			);
			name = PracticeMemo;
			productName = PracticeMemo;
			productReference = 4FD60D7F29115635002BAC30 /* PracticeMemo.app */;
			productType = "com.apple.product-type.application";
		};
/* End PBXNativeTarget section */

/* Begin PBXProject section */
		4FD60D7729115635002BAC30 /* Project object */ = {
			isa = PBXProject;
			attributes = {
				BuildIndependentTargetsInParallel = 1;
				LastSwiftUpdateCheck = 1400;
				LastUpgradeCheck = 1400;
				TargetAttributes = {
					4FD60D7E29115635002BAC30 = {
						CreatedOnToolsVersion = 14.0.1;
					};
				};
			};
			buildConfigurationList = 4FD60D7A29115635002BAC30 /* Build configuration list for PBXProject "PracticeMemo" */;
			compatibilityVersion = "Xcode 14.0";
			developmentRegion = en;
			hasScannedForEncodings = 0;
			knownRegions = (
				en,
				Base,
			);
			mainGroup = 4FD60D7629115635002BAC30;
			productRefGroup = 4FD60D8029115635002BAC30 /* Products */;
			projectDirPath = "";
			projectRoot = "";
			targets = (
				4FD60D7E29115635002BAC30 /* PracticeMemo */,
			);
		};
/* End PBXProject section */

/* Begin PBXResourcesBuildPhase section */
		4FD60D7D29115635002BAC30 /* Resources */ = {
			isa = PBXResourcesBuildPhase;
			buildActionMask = 2147483647;
			files = (
				4FD60D9029115635002BAC30 /* Preview Assets.xcassets in Resources */,
				4FD60D8C29115635002BAC30 /* Assets.xcassets in Resources */,
			);
			runOnlyForDeploymentPostprocessing = 0;
		};
/* End PBXResourcesBuildPhase section */

/* Begin PBXSourcesBuildPhase section */
		4FD60D7B29115635002BAC30 /* Sources */ = {
			isa = PBXSourcesBuildPhase;
			buildActionMask = 2147483647;
			files = (
				4FD60DA029120788002BAC30 /* MemoCell.swift in Sources */,
				4FD60D8829115635002BAC30 /* PracticeMemo.xcdatamodeld in Sources */,
				4FD60D9D29115793002BAC30 /* MemoStore.swift in Sources */,
				4FD60D9729115686002BAC30 /* MainListView.swift in Sources */,
				4FD60D8329115635002BAC30 /* PracticeMemoApp.swift in Sources */,
				4FD60DA229120801002BAC30 /* ComposeView.swift in Sources */,
				4FD60D8529115635002BAC30 /* Persistence.swift in Sources */,
				4FD60D9B29115715002BAC30 /* Memo.swift in Sources */,
			);
			runOnlyForDeploymentPostprocessing = 0;
		};
/* End PBXSourcesBuildPhase section */

/* Begin XCBuildConfiguration section */
		4FD60D9129115635002BAC30 /* Debug */ = {
			isa = XCBuildConfiguration;
			buildSettings = {
				ALWAYS_SEARCH_USER_PATHS = NO;
				CLANG_ANALYZER_NONNULL = YES;
				CLANG_ANALYZER_NUMBER_OBJECT_CONVERSION = YES_AGGRESSIVE;
				CLANG_CXX_LANGUAGE_STANDARD = "gnu++20";
				CLANG_ENABLE_MODULES = YES;
				CLANG_ENABLE_OBJC_ARC = YES;
				CLANG_ENABLE_OBJC_WEAK = YES;
				CLANG_WARN_BLOCK_CAPTURE_AUTORELEASING = YES;
				CLANG_WARN_BOOL_CONVERSION = YES;
				CLANG_WARN_COMMA = YES;
				CLANG_WARN_CONSTANT_CONVERSION = YES;
				CLANG_WARN_DEPRECATED_OBJC_IMPLEMENTATIONS = YES;
				CLANG_WARN_DIRECT_OBJC_ISA_USAGE = YES_ERROR;
				CLANG_WARN_DOCUMENTATION_COMMENTS = YES;
				CLANG_WARN_EMPTY_BODY = YES;
				CLANG_WARN_ENUM_CONVERSION = YES;
				CLANG_WARN_INFINITE_RECURSION = YES;
				CLANG_WARN_INT_CONVERSION = YES;
				CLANG_WARN_NON_LITERAL_NULL_CONVERSION = YES;
				CLANG_WARN_OBJC_IMPLICIT_RETAIN_SELF = YES;
				CLANG_WARN_OBJC_LITERAL_CONVERSION = YES;
				CLANG_WARN_OBJC_ROOT_CLASS = YES_ERROR;
				CLANG_WARN_QUOTED_INCLUDE_IN_FRAMEWORK_HEADER = YES;
				CLANG_WARN_RANGE_LOOP_ANALYSIS = YES;
				CLANG_WARN_STRICT_PROTOTYPES = YES;
				CLANG_WARN_SUSPICIOUS_MOVE = YES;
				CLANG_WARN_UNGUARDED_AVAILABILITY = YES_AGGRESSIVE;
				CLANG_WARN_UNREACHABLE_CODE = YES;
				CLANG_WARN__DUPLICATE_METHOD_MATCH = YES;
				COPY_PHASE_STRIP = NO;
				DEBUG_INFORMATION_FORMAT = dwarf;
				ENABLE_STRICT_OBJC_MSGSEND = YES;
				ENABLE_TESTABILITY = YES;
				GCC_C_LANGUAGE_STANDARD = gnu11;
				GCC_DYNAMIC_NO_PIC = NO;
				GCC_NO_COMMON_BLOCKS = YES;
				GCC_OPTIMIZATION_LEVEL = 0;
				GCC_PREPROCESSOR_DEFINITIONS = (
					"DEBUG=1",
					"$(inherited)",
				);
				GCC_WARN_64_TO_32_BIT_CONVERSION = YES;
				GCC_WARN_ABOUT_RETURN_TYPE = YES_ERROR;
				GCC_WARN_UNDECLARED_SELECTOR = YES;
				GCC_WARN_UNINITIALIZED_AUTOS = YES_AGGRESSIVE;
				GCC_WARN_UNUSED_FUNCTION = YES;
				GCC_WARN_UNUSED_VARIABLE = YES;
				MTL_ENABLE_DEBUG_INFO = INCLUDE_SOURCE;
				MTL_FAST_MATH = YES;
				ONLY_ACTIVE_ARCH = YES;
				SWIFT_ACTIVE_COMPILATION_CONDITIONS = DEBUG;
				SWIFT_OPTIMIZATION_LEVEL = "-Onone";
			};
			name = Debug;
		};
		4FD60D9229115635002BAC30 /* Release */ = {
			isa = XCBuildConfiguration;
			buildSettings = {
				ALWAYS_SEARCH_USER_PATHS = NO;
				CLANG_ANALYZER_NONNULL = YES;
				CLANG_ANALYZER_NUMBER_OBJECT_CONVERSION = YES_AGGRESSIVE;
				CLANG_CXX_LANGUAGE_STANDARD = "gnu++20";
				CLANG_ENABLE_MODULES = YES;
				CLANG_ENABLE_OBJC_ARC = YES;
				CLANG_ENABLE_OBJC_WEAK = YES;
				CLANG_WARN_BLOCK_CAPTURE_AUTORELEASING = YES;
				CLANG_WARN_BOOL_CONVERSION = YES;
				CLANG_WARN_COMMA = YES;
				CLANG_WARN_CONSTANT_CONVERSION = YES;
				CLANG_WARN_DEPRECATED_OBJC_IMPLEMENTATIONS = YES;
				CLANG_WARN_DIRECT_OBJC_ISA_USAGE = YES_ERROR;
				CLANG_WARN_DOCUMENTATION_COMMENTS = YES;
				CLANG_WARN_EMPTY_BODY = YES;
				CLANG_WARN_ENUM_CONVERSION = YES;
				CLANG_WARN_INFINITE_RECURSION = YES;
				CLANG_WARN_INT_CONVERSION = YES;
				CLANG_WARN_NON_LITERAL_NULL_CONVERSION = YES;
				CLANG_WARN_OBJC_IMPLICIT_RETAIN_SELF = YES;
				CLANG_WARN_OBJC_LITERAL_CONVERSION = YES;
				CLANG_WARN_OBJC_ROOT_CLASS = YES_ERROR;
				CLANG_WARN_QUOTED_INCLUDE_IN_FRAMEWORK_HEADER = YES;
				CLANG_WARN_RANGE_LOOP_ANALYSIS = YES;
				CLANG_WARN_STRICT_PROTOTYPES = YES;
				CLANG_WARN_SUSPICIOUS_MOVE = YES;
				CLANG_WARN_UNGUARDED_AVAILABILITY = YES_AGGRESSIVE;
				CLANG_WARN_UNREACHABLE_CODE = YES;
				CLANG_WARN__DUPLICATE_METHOD_MATCH = YES;
				COPY_PHASE_STRIP = NO;
				DEBUG_INFORMATION_FORMAT = "dwarf-with-dsym";
				ENABLE_NS_ASSERTIONS = NO;
				ENABLE_STRICT_OBJC_MSGSEND = YES;
				GCC_C_LANGUAGE_STANDARD = gnu11;
				GCC_NO_COMMON_BLOCKS = YES;
				GCC_WARN_64_TO_32_BIT_CONVERSION = YES;
				GCC_WARN_ABOUT_RETURN_TYPE = YES_ERROR;
				GCC_WARN_UNDECLARED_SELECTOR = YES;
				GCC_WARN_UNINITIALIZED_AUTOS = YES_AGGRESSIVE;
				GCC_WARN_UNUSED_FUNCTION = YES;
				GCC_WARN_UNUSED_VARIABLE = YES;
				MTL_ENABLE_DEBUG_INFO = NO;
				MTL_FAST_MATH = YES;
				SWIFT_COMPILATION_MODE = wholemodule;
				SWIFT_OPTIMIZATION_LEVEL = "-O";
			};
			name = Release;
		};
		4FD60D9429115635002BAC30 /* Debug */ = {
			isa = XCBuildConfiguration;
			buildSettings = {
				ASSETCATALOG_COMPILER_APPICON_NAME = AppIcon;
				ASSETCATALOG_COMPILER_GLOBAL_ACCENT_COLOR_NAME = AccentColor;
				CODE_SIGN_ENTITLEMENTS = PracticeMemo/PracticeMemo.entitlements;
				CODE_SIGN_STYLE = Automatic;
				CURRENT_PROJECT_VERSION = 1;
				DEVELOPMENT_ASSET_PATHS = "\"PracticeMemo/Preview Content\"";
				DEVELOPMENT_TEAM = 3RXFS5YGZQ;
				ENABLE_HARDENED_RUNTIME = YES;
				ENABLE_PREVIEWS = YES;
				GENERATE_INFOPLIST_FILE = YES;
				"INFOPLIST_KEY_UIApplicationSceneManifest_Generation[sdk=iphoneos*]" = YES;
				"INFOPLIST_KEY_UIApplicationSceneManifest_Generation[sdk=iphonesimulator*]" = YES;
				"INFOPLIST_KEY_UIApplicationSupportsIndirectInputEvents[sdk=iphoneos*]" = YES;
				"INFOPLIST_KEY_UIApplicationSupportsIndirectInputEvents[sdk=iphonesimulator*]" = YES;
				"INFOPLIST_KEY_UILaunchScreen_Generation[sdk=iphoneos*]" = YES;
				"INFOPLIST_KEY_UILaunchScreen_Generation[sdk=iphonesimulator*]" = YES;
				"INFOPLIST_KEY_UIStatusBarStyle[sdk=iphoneos*]" = UIStatusBarStyleDefault;
				"INFOPLIST_KEY_UIStatusBarStyle[sdk=iphonesimulator*]" = UIStatusBarStyleDefault;
				INFOPLIST_KEY_UISupportedInterfaceOrientations_iPad = "UIInterfaceOrientationPortrait UIInterfaceOrientationPortraitUpsideDown UIInterfaceOrientationLandscapeLeft UIInterfaceOrientationLandscapeRight";
				INFOPLIST_KEY_UISupportedInterfaceOrientations_iPhone = "UIInterfaceOrientationPortrait UIInterfaceOrientationLandscapeLeft UIInterfaceOrientationLandscapeRight";
				IPHONEOS_DEPLOYMENT_TARGET = 16.0;
				LD_RUNPATH_SEARCH_PATHS = "@executable_path/Frameworks";
				"LD_RUNPATH_SEARCH_PATHS[sdk=macosx*]" = "@executable_path/../Frameworks";
				MACOSX_DEPLOYMENT_TARGET = 12.3;
				MARKETING_VERSION = 1.0;
				PRODUCT_BUNDLE_IDENTIFIER = com.haksung.PracticeMemo;
				PRODUCT_NAME = "$(TARGET_NAME)";
				SDKROOT = auto;
				SUPPORTED_PLATFORMS = "iphoneos iphonesimulator macosx";
				SWIFT_EMIT_LOC_STRINGS = YES;
				SWIFT_VERSION = 5.0;
				TARGETED_DEVICE_FAMILY = "1,2";
			};
			name = Debug;
		};
		4FD60D9529115635002BAC30 /* Release */ = {
			isa = XCBuildConfiguration;
			buildSettings = {
				ASSETCATALOG_COMPILER_APPICON_NAME = AppIcon;
				ASSETCATALOG_COMPILER_GLOBAL_ACCENT_COLOR_NAME = AccentColor;
				CODE_SIGN_ENTITLEMENTS = PracticeMemo/PracticeMemo.entitlements;
				CODE_SIGN_STYLE = Automatic;
				CURRENT_PROJECT_VERSION = 1;
				DEVELOPMENT_ASSET_PATHS = "\"PracticeMemo/Preview Content\"";
				DEVELOPMENT_TEAM = 3RXFS5YGZQ;
				ENABLE_HARDENED_RUNTIME = YES;
				ENABLE_PREVIEWS = YES;
				GENERATE_INFOPLIST_FILE = YES;
				"INFOPLIST_KEY_UIApplicationSceneManifest_Generation[sdk=iphoneos*]" = YES;
				"INFOPLIST_KEY_UIApplicationSceneManifest_Generation[sdk=iphonesimulator*]" = YES;
				"INFOPLIST_KEY_UIApplicationSupportsIndirectInputEvents[sdk=iphoneos*]" = YES;
				"INFOPLIST_KEY_UIApplicationSupportsIndirectInputEvents[sdk=iphonesimulator*]" = YES;
				"INFOPLIST_KEY_UILaunchScreen_Generation[sdk=iphoneos*]" = YES;
				"INFOPLIST_KEY_UILaunchScreen_Generation[sdk=iphonesimulator*]" = YES;
				"INFOPLIST_KEY_UIStatusBarStyle[sdk=iphoneos*]" = UIStatusBarStyleDefault;
				"INFOPLIST_KEY_UIStatusBarStyle[sdk=iphonesimulator*]" = UIStatusBarStyleDefault;
				INFOPLIST_KEY_UISupportedInterfaceOrientations_iPad = "UIInterfaceOrientationPortrait UIInterfaceOrientationPortraitUpsideDown UIInterfaceOrientationLandscapeLeft UIInterfaceOrientationLandscapeRight";
				INFOPLIST_KEY_UISupportedInterfaceOrientations_iPhone = "UIInterfaceOrientationPortrait UIInterfaceOrientationLandscapeLeft UIInterfaceOrientationLandscapeRight";
				IPHONEOS_DEPLOYMENT_TARGET = 16.0;
				LD_RUNPATH_SEARCH_PATHS = "@executable_path/Frameworks";
				"LD_RUNPATH_SEARCH_PATHS[sdk=macosx*]" = "@executable_path/../Frameworks";
				MACOSX_DEPLOYMENT_TARGET = 12.3;
				MARKETING_VERSION = 1.0;
				PRODUCT_BUNDLE_IDENTIFIER = com.haksung.PracticeMemo;
				PRODUCT_NAME = "$(TARGET_NAME)";
				SDKROOT = auto;
				SUPPORTED_PLATFORMS = "iphoneos iphonesimulator macosx";
				SWIFT_EMIT_LOC_STRINGS = YES;
				SWIFT_VERSION = 5.0;
				TARGETED_DEVICE_FAMILY = "1,2";
			};
			name = Release;
		};
/* End XCBuildConfiguration section */

/* Begin XCConfigurationList section */
		4FD60D7A29115635002BAC30 /* Build configuration list for PBXProject "PracticeMemo" */ = {
			isa = XCConfigurationList;
			buildConfigurations = (
				4FD60D9129115635002BAC30 /* Debug */,
				4FD60D9229115635002BAC30 /* Release */,
			);
			defaultConfigurationIsVisible = 0;
			defaultConfigurationName = Release;
		};
		4FD60D9329115635002BAC30 /* Build configuration list for PBXNativeTarget "PracticeMemo" */ = {
			isa = XCConfigurationList;
			buildConfigurations = (
				4FD60D9429115635002BAC30 /* Debug */,
				4FD60D9529115635002BAC30 /* Release */,
			);
			defaultConfigurationIsVisible = 0;
			defaultConfigurationName = Release;
		};
/* End XCConfigurationList section */

/* Begin XCVersionGroup section */
		4FD60D8629115635002BAC30 /* PracticeMemo.xcdatamodeld */ = {
			isa = XCVersionGroup;
			children = (
				4FD60D8729115635002BAC30 /* PracticeMemo.xcdatamodel */,
			);
			currentVersion = 4FD60D8729115635002BAC30 /* PracticeMemo.xcdatamodel */;
			path = PracticeMemo.xcdatamodeld;
			sourceTree = "<group>";
			versionGroupType = wrapper.xcdatamodel;
		};
/* End XCVersionGroup section */
	};
	rootObject = 4FD60D7729115635002BAC30 /* Project object */;
}
