// !$*UTF8*$!
{
	archiveVersion = 1;
	classes = {
	};
	objectVersion = 56;
	objects = {

/* Begin PBXBuildFile section */
		4F17ADD02911477E00F6CAAA /* PracticeSwiftUIMemoApp.swift in Sources */ = {isa = PBXBuildFile; fileRef = 4F17ADCF2911477E00F6CAAA /* PracticeSwiftUIMemoApp.swift */; };
		4F17ADD22911477E00F6CAAA /* MemoListScene.swift in Sources */ = {isa = PBXBuildFile; fileRef = 4F17ADD12911477E00F6CAAA /* MemoListScene.swift */; };
		4F17ADD42911478000F6CAAA /* Assets.xcassets in Resources */ = {isa = PBXBuildFile; fileRef = 4F17ADD32911478000F6CAAA /* Assets.xcassets */; };
		4F17ADD72911478000F6CAAA /* Preview Assets.xcassets in Resources */ = {isa = PBXBuildFile; fileRef = 4F17ADD62911478000F6CAAA /* Preview Assets.xcassets */; };
		4F17ADD92911478000F6CAAA /* Persistence.swift in Sources */ = {isa = PBXBuildFile; fileRef = 4F17ADD82911478000F6CAAA /* Persistence.swift */; };
		4F17ADDC2911478000F6CAAA /* PracticeSwiftUIMemo.xcdatamodeld in Sources */ = {isa = PBXBuildFile; fileRef = 4F17ADDA2911478000F6CAAA /* PracticeSwiftUIMemo.xcdatamodeld */; };
		4F17ADE5291148E000F6CAAA /* Memo.swift in Sources */ = {isa = PBXBuildFile; fileRef = 4F17ADE3291148E000F6CAAA /* Memo.swift */; };
		4F17ADE6291148E000F6CAAA /* MemoStore.swift in Sources */ = {isa = PBXBuildFile; fileRef = 4F17ADE4291148E000F6CAAA /* MemoStore.swift */; };
		4F17ADE829114ACA00F6CAAA /* MemoStore.swift in Sources */ = {isa = PBXBuildFile; fileRef = 4F17ADE729114ACA00F6CAAA /* MemoStore.swift */; };
		4F17ADEA29114AFC00F6CAAA /* Memo.swift in Sources */ = {isa = PBXBuildFile; fileRef = 4F17ADE929114AFC00F6CAAA /* Memo.swift */; };
/* End PBXBuildFile section */

/* Begin PBXFileReference section */
		4F17ADCC2911477E00F6CAAA /* PracticeSwiftUIMemo.app */ = {isa = PBXFileReference; explicitFileType = wrapper.application; includeInIndex = 0; path = PracticeSwiftUIMemo.app; sourceTree = BUILT_PRODUCTS_DIR; };
		4F17ADCF2911477E00F6CAAA /* PracticeSwiftUIMemoApp.swift */ = {isa = PBXFileReference; lastKnownFileType = sourcecode.swift; path = PracticeSwiftUIMemoApp.swift; sourceTree = "<group>"; };
		4F17ADD12911477E00F6CAAA /* MemoListScene.swift */ = {isa = PBXFileReference; lastKnownFileType = sourcecode.swift; path = MemoListScene.swift; sourceTree = "<group>"; };
		4F17ADD32911478000F6CAAA /* Assets.xcassets */ = {isa = PBXFileReference; lastKnownFileType = folder.assetcatalog; path = Assets.xcassets; sourceTree = "<group>"; };
		4F17ADD62911478000F6CAAA /* Preview Assets.xcassets */ = {isa = PBXFileReference; lastKnownFileType = folder.assetcatalog; path = "Preview Assets.xcassets"; sourceTree = "<group>"; };
		4F17ADD82911478000F6CAAA /* Persistence.swift */ = {isa = PBXFileReference; lastKnownFileType = sourcecode.swift; path = Persistence.swift; sourceTree = "<group>"; };
		4F17ADDB2911478000F6CAAA /* PracticeSwiftUIMemo.xcdatamodel */ = {isa = PBXFileReference; lastKnownFileType = wrapper.xcdatamodel; path = PracticeSwiftUIMemo.xcdatamodel; sourceTree = "<group>"; };
		4F17ADE3291148E000F6CAAA /* Memo.swift */ = {isa = PBXFileReference; fileEncoding = 4; lastKnownFileType = sourcecode.swift; name = Memo.swift; path = ../../../../Memo.swift; sourceTree = "<group>"; };
		4F17ADE4291148E000F6CAAA /* MemoStore.swift */ = {isa = PBXFileReference; fileEncoding = 4; lastKnownFileType = sourcecode.swift; name = MemoStore.swift; path = ../../../../MemoStore.swift; sourceTree = "<group>"; };
		4F17ADE729114ACA00F6CAAA /* MemoStore.swift */ = {isa = PBXFileReference; lastKnownFileType = sourcecode.swift; path = MemoStore.swift; sourceTree = "<group>"; };
		4F17ADE929114AFC00F6CAAA /* Memo.swift */ = {isa = PBXFileReference; lastKnownFileType = sourcecode.swift; path = Memo.swift; sourceTree = "<group>"; };
/* End PBXFileReference section */

/* Begin PBXFrameworksBuildPhase section */
		4F17ADC92911477E00F6CAAA /* Frameworks */ = {
			isa = PBXFrameworksBuildPhase;
			buildActionMask = 2147483647;
			files = (
			);
			runOnlyForDeploymentPostprocessing = 0;
		};
/* End PBXFrameworksBuildPhase section */

/* Begin PBXGroup section */
		4F17ADC32911477E00F6CAAA = {
			isa = PBXGroup;
			children = (
				4F17ADCE2911477E00F6CAAA /* PracticeSwiftUIMemo */,
				4F17ADCD2911477E00F6CAAA /* Products */,
			);
			sourceTree = "<group>";
		};
		4F17ADCD2911477E00F6CAAA /* Products */ = {
			isa = PBXGroup;
			children = (
				4F17ADCC2911477E00F6CAAA /* PracticeSwiftUIMemo.app */,
			);
			name = Products;
			sourceTree = "<group>";
		};
		4F17ADCE2911477E00F6CAAA /* PracticeSwiftUIMemo */ = {
			isa = PBXGroup;
			children = (
				4F17ADE2291148C900F6CAAA /* Model */,
				4F17ADCF2911477E00F6CAAA /* PracticeSwiftUIMemoApp.swift */,
				4F17ADD12911477E00F6CAAA /* MemoListScene.swift */,
				4F17ADD32911478000F6CAAA /* Assets.xcassets */,
				4F17ADD82911478000F6CAAA /* Persistence.swift */,
				4F17ADDA2911478000F6CAAA /* PracticeSwiftUIMemo.xcdatamodeld */,
				4F17ADD52911478000F6CAAA /* Preview Content */,
			);
			path = PracticeSwiftUIMemo;
			sourceTree = "<group>";
		};
		4F17ADD52911478000F6CAAA /* Preview Content */ = {
			isa = PBXGroup;
			children = (
				4F17ADD62911478000F6CAAA /* Preview Assets.xcassets */,
			);
			path = "Preview Content";
			sourceTree = "<group>";
		};
		4F17ADE2291148C900F6CAAA /* Model */ = {
			isa = PBXGroup;
			children = (
				4F17ADE3291148E000F6CAAA /* Memo.swift */,
				4F17ADE4291148E000F6CAAA /* MemoStore.swift */,
				4F17ADE729114ACA00F6CAAA /* MemoStore.swift */,
				4F17ADE929114AFC00F6CAAA /* Memo.swift */,
			);
			path = Model;
			sourceTree = "<group>";
		};
/* End PBXGroup section */

/* Begin PBXNativeTarget section */
		4F17ADCB2911477E00F6CAAA /* PracticeSwiftUIMemo */ = {
			isa = PBXNativeTarget;
			buildConfigurationList = 4F17ADDF2911478000F6CAAA /* Build configuration list for PBXNativeTarget "PracticeSwiftUIMemo" */;
			buildPhases = (
				4F17ADC82911477E00F6CAAA /* Sources */,
				4F17ADC92911477E00F6CAAA /* Frameworks */,
				4F17ADCA2911477E00F6CAAA /* Resources */,
			);
			buildRules = (
			);
			dependencies = (
			);
			name = PracticeSwiftUIMemo;
			productName = PracticeSwiftUIMemo;
			productReference = 4F17ADCC2911477E00F6CAAA /* PracticeSwiftUIMemo.app */;
			productType = "com.apple.product-type.application";
		};
/* End PBXNativeTarget section */

/* Begin PBXProject section */
		4F17ADC42911477E00F6CAAA /* Project object */ = {
			isa = PBXProject;
			attributes = {
				BuildIndependentTargetsInParallel = 1;
				LastSwiftUpdateCheck = 1400;
				LastUpgradeCheck = 1400;
				TargetAttributes = {
					4F17ADCB2911477E00F6CAAA = {
						CreatedOnToolsVersion = 14.0.1;
					};
				};
			};
			buildConfigurationList = 4F17ADC72911477E00F6CAAA /* Build configuration list for PBXProject "PracticeSwiftUIMemo" */;
			compatibilityVersion = "Xcode 14.0";
			developmentRegion = en;
			hasScannedForEncodings = 0;
			knownRegions = (
				en,
				Base,
			);
			mainGroup = 4F17ADC32911477E00F6CAAA;
			productRefGroup = 4F17ADCD2911477E00F6CAAA /* Products */;
			projectDirPath = "";
			projectRoot = "";
			targets = (
				4F17ADCB2911477E00F6CAAA /* PracticeSwiftUIMemo */,
			);
		};
/* End PBXProject section */

/* Begin PBXResourcesBuildPhase section */
		4F17ADCA2911477E00F6CAAA /* Resources */ = {
			isa = PBXResourcesBuildPhase;
			buildActionMask = 2147483647;
			files = (
				4F17ADD72911478000F6CAAA /* Preview Assets.xcassets in Resources */,
				4F17ADD42911478000F6CAAA /* Assets.xcassets in Resources */,
			);
			runOnlyForDeploymentPostprocessing = 0;
		};
/* End PBXResourcesBuildPhase section */

/* Begin PBXSourcesBuildPhase section */
		4F17ADC82911477E00F6CAAA /* Sources */ = {
			isa = PBXSourcesBuildPhase;
			buildActionMask = 2147483647;
			files = (
				4F17ADE829114ACA00F6CAAA /* MemoStore.swift in Sources */,
				4F17ADDC2911478000F6CAAA /* PracticeSwiftUIMemo.xcdatamodeld in Sources */,
				4F17ADE6291148E000F6CAAA /* MemoStore.swift in Sources */,
				4F17ADEA29114AFC00F6CAAA /* Memo.swift in Sources */,
				4F17ADD92911478000F6CAAA /* Persistence.swift in Sources */,
				4F17ADD22911477E00F6CAAA /* MemoListScene.swift in Sources */,
				4F17ADD02911477E00F6CAAA /* PracticeSwiftUIMemoApp.swift in Sources */,
				4F17ADE5291148E000F6CAAA /* Memo.swift in Sources */,
			);
			runOnlyForDeploymentPostprocessing = 0;
		};
/* End PBXSourcesBuildPhase section */

/* Begin XCBuildConfiguration section */
		4F17ADDD2911478000F6CAAA /* Debug */ = {
			isa = XCBuildConfiguration;
			buildSettings = {
				ALWAYS_SEARCH_USER_PATHS = NO;
				CLANG_ANALYZER_NONNULL = YES;
				CLANG_ANALYZER_NUMBER_OBJECT_CONVERSION = YES_AGGRESSIVE;
				CLANG_CXX_LANGUAGE_STANDARD = "gnu++20";
				CLANG_ENABLE_MODULES = YES;
				CLANG_ENABLE_OBJC_ARC = YES;
				CLANG_ENABLE_OBJC_WEAK = YES;
				CLANG_WARN_BLOCK_CAPTURE_AUTORELEASING = YES;
				CLANG_WARN_BOOL_CONVERSION = YES;
				CLANG_WARN_COMMA = YES;
				CLANG_WARN_CONSTANT_CONVERSION = YES;
				CLANG_WARN_DEPRECATED_OBJC_IMPLEMENTATIONS = YES;
				CLANG_WARN_DIRECT_OBJC_ISA_USAGE = YES_ERROR;
				CLANG_WARN_DOCUMENTATION_COMMENTS = YES;
				CLANG_WARN_EMPTY_BODY = YES;
				CLANG_WARN_ENUM_CONVERSION = YES;
				CLANG_WARN_INFINITE_RECURSION = YES;
				CLANG_WARN_INT_CONVERSION = YES;
				CLANG_WARN_NON_LITERAL_NULL_CONVERSION = YES;
				CLANG_WARN_OBJC_IMPLICIT_RETAIN_SELF = YES;
				CLANG_WARN_OBJC_LITERAL_CONVERSION = YES;
				CLANG_WARN_OBJC_ROOT_CLASS = YES_ERROR;
				CLANG_WARN_QUOTED_INCLUDE_IN_FRAMEWORK_HEADER = YES;
				CLANG_WARN_RANGE_LOOP_ANALYSIS = YES;
				CLANG_WARN_STRICT_PROTOTYPES = YES;
				CLANG_WARN_SUSPICIOUS_MOVE = YES;
				CLANG_WARN_UNGUARDED_AVAILABILITY = YES_AGGRESSIVE;
				CLANG_WARN_UNREACHABLE_CODE = YES;
				CLANG_WARN__DUPLICATE_METHOD_MATCH = YES;
				COPY_PHASE_STRIP = NO;
				DEBUG_INFORMATION_FORMAT = dwarf;
				ENABLE_STRICT_OBJC_MSGSEND = YES;
				ENABLE_TESTABILITY = YES;
				GCC_C_LANGUAGE_STANDARD = gnu11;
				GCC_DYNAMIC_NO_PIC = NO;
				GCC_NO_COMMON_BLOCKS = YES;
				GCC_OPTIMIZATION_LEVEL = 0;
				GCC_PREPROCESSOR_DEFINITIONS = (
					"DEBUG=1",
					"$(inherited)",
				);
				GCC_WARN_64_TO_32_BIT_CONVERSION = YES;
				GCC_WARN_ABOUT_RETURN_TYPE = YES_ERROR;
				GCC_WARN_UNDECLARED_SELECTOR = YES;
				GCC_WARN_UNINITIALIZED_AUTOS = YES_AGGRESSIVE;
				GCC_WARN_UNUSED_FUNCTION = YES;
				GCC_WARN_UNUSED_VARIABLE = YES;
				IPHONEOS_DEPLOYMENT_TARGET = 16.0;
				MTL_ENABLE_DEBUG_INFO = INCLUDE_SOURCE;
				MTL_FAST_MATH = YES;
				ONLY_ACTIVE_ARCH = YES;
				SDKROOT = iphoneos;
				SWIFT_ACTIVE_COMPILATION_CONDITIONS = DEBUG;
				SWIFT_OPTIMIZATION_LEVEL = "-Onone";
			};
			name = Debug;
		};
		4F17ADDE2911478000F6CAAA /* Release */ = {
			isa = XCBuildConfiguration;
			buildSettings = {
				ALWAYS_SEARCH_USER_PATHS = NO;
				CLANG_ANALYZER_NONNULL = YES;
				CLANG_ANALYZER_NUMBER_OBJECT_CONVERSION = YES_AGGRESSIVE;
				CLANG_CXX_LANGUAGE_STANDARD = "gnu++20";
				CLANG_ENABLE_MODULES = YES;
				CLANG_ENABLE_OBJC_ARC = YES;
				CLANG_ENABLE_OBJC_WEAK = YES;
				CLANG_WARN_BLOCK_CAPTURE_AUTORELEASING = YES;
				CLANG_WARN_BOOL_CONVERSION = YES;
				CLANG_WARN_COMMA = YES;
				CLANG_WARN_CONSTANT_CONVERSION = YES;
				CLANG_WARN_DEPRECATED_OBJC_IMPLEMENTATIONS = YES;
				CLANG_WARN_DIRECT_OBJC_ISA_USAGE = YES_ERROR;
				CLANG_WARN_DOCUMENTATION_COMMENTS = YES;
				CLANG_WARN_EMPTY_BODY = YES;
				CLANG_WARN_ENUM_CONVERSION = YES;
				CLANG_WARN_INFINITE_RECURSION = YES;
				CLANG_WARN_INT_CONVERSION = YES;
				CLANG_WARN_NON_LITERAL_NULL_CONVERSION = YES;
				CLANG_WARN_OBJC_IMPLICIT_RETAIN_SELF = YES;
				CLANG_WARN_OBJC_LITERAL_CONVERSION = YES;
				CLANG_WARN_OBJC_ROOT_CLASS = YES_ERROR;
				CLANG_WARN_QUOTED_INCLUDE_IN_FRAMEWORK_HEADER = YES;
				CLANG_WARN_RANGE_LOOP_ANALYSIS = YES;
				CLANG_WARN_STRICT_PROTOTYPES = YES;
				CLANG_WARN_SUSPICIOUS_MOVE = YES;
				CLANG_WARN_UNGUARDED_AVAILABILITY = YES_AGGRESSIVE;
				CLANG_WARN_UNREACHABLE_CODE = YES;
				CLANG_WARN__DUPLICATE_METHOD_MATCH = YES;
				COPY_PHASE_STRIP = NO;
				DEBUG_INFORMATION_FORMAT = "dwarf-with-dsym";
				ENABLE_NS_ASSERTIONS = NO;
				ENABLE_STRICT_OBJC_MSGSEND = YES;
				GCC_C_LANGUAGE_STANDARD = gnu11;
				GCC_NO_COMMON_BLOCKS = YES;
				GCC_WARN_64_TO_32_BIT_CONVERSION = YES;
				GCC_WARN_ABOUT_RETURN_TYPE = YES_ERROR;
				GCC_WARN_UNDECLARED_SELECTOR = YES;
				GCC_WARN_UNINITIALIZED_AUTOS = YES_AGGRESSIVE;
				GCC_WARN_UNUSED_FUNCTION = YES;
				GCC_WARN_UNUSED_VARIABLE = YES;
				IPHONEOS_DEPLOYMENT_TARGET = 16.0;
				MTL_ENABLE_DEBUG_INFO = NO;
				MTL_FAST_MATH = YES;
				SDKROOT = iphoneos;
				SWIFT_COMPILATION_MODE = wholemodule;
				SWIFT_OPTIMIZATION_LEVEL = "-O";
				VALIDATE_PRODUCT = YES;
			};
			name = Release;
		};
		4F17ADE02911478000F6CAAA /* Debug */ = {
			isa = XCBuildConfiguration;
			buildSettings = {
				ASSETCATALOG_COMPILER_APPICON_NAME = AppIcon;
				ASSETCATALOG_COMPILER_GLOBAL_ACCENT_COLOR_NAME = AccentColor;
				CODE_SIGN_STYLE = Automatic;
				CURRENT_PROJECT_VERSION = 1;
				DEVELOPMENT_ASSET_PATHS = "\"PracticeSwiftUIMemo/Preview Content\"";
				DEVELOPMENT_TEAM = 3RXFS5YGZQ;
				ENABLE_PREVIEWS = YES;
				GENERATE_INFOPLIST_FILE = YES;
				INFOPLIST_KEY_UIApplicationSceneManifest_Generation = YES;
				INFOPLIST_KEY_UIApplicationSupportsIndirectInputEvents = YES;
				INFOPLIST_KEY_UILaunchScreen_Generation = YES;
				INFOPLIST_KEY_UISupportedInterfaceOrientations_iPad = "UIInterfaceOrientationPortrait UIInterfaceOrientationPortraitUpsideDown UIInterfaceOrientationLandscapeLeft UIInterfaceOrientationLandscapeRight";
				INFOPLIST_KEY_UISupportedInterfaceOrientations_iPhone = "UIInterfaceOrientationPortrait UIInterfaceOrientationLandscapeLeft UIInterfaceOrientationLandscapeRight";
				LD_RUNPATH_SEARCH_PATHS = (
					"$(inherited)",
					"@executable_path/Frameworks",
				);
				MARKETING_VERSION = 1.0;
				PRODUCT_BUNDLE_IDENTIFIER = "Hak-sung-Kim.PracticeSwiftUIMemo";
				PRODUCT_NAME = "$(TARGET_NAME)";
				SWIFT_EMIT_LOC_STRINGS = YES;
				SWIFT_VERSION = 5.0;
				TARGETED_DEVICE_FAMILY = "1,2";
			};
			name = Debug;
		};
		4F17ADE12911478000F6CAAA /* Release */ = {
			isa = XCBuildConfiguration;
			buildSettings = {
				ASSETCATALOG_COMPILER_APPICON_NAME = AppIcon;
				ASSETCATALOG_COMPILER_GLOBAL_ACCENT_COLOR_NAME = AccentColor;
				CODE_SIGN_STYLE = Automatic;
				CURRENT_PROJECT_VERSION = 1;
				DEVELOPMENT_ASSET_PATHS = "\"PracticeSwiftUIMemo/Preview Content\"";
				DEVELOPMENT_TEAM = 3RXFS5YGZQ;
				ENABLE_PREVIEWS = YES;
				GENERATE_INFOPLIST_FILE = YES;
				INFOPLIST_KEY_UIApplicationSceneManifest_Generation = YES;
				INFOPLIST_KEY_UIApplicationSupportsIndirectInputEvents = YES;
				INFOPLIST_KEY_UILaunchScreen_Generation = YES;
				INFOPLIST_KEY_UISupportedInterfaceOrientations_iPad = "UIInterfaceOrientationPortrait UIInterfaceOrientationPortraitUpsideDown UIInterfaceOrientationLandscapeLeft UIInterfaceOrientationLandscapeRight";
				INFOPLIST_KEY_UISupportedInterfaceOrientations_iPhone = "UIInterfaceOrientationPortrait UIInterfaceOrientationLandscapeLeft UIInterfaceOrientationLandscapeRight";
				LD_RUNPATH_SEARCH_PATHS = (
					"$(inherited)",
					"@executable_path/Frameworks",
				);
				MARKETING_VERSION = 1.0;
				PRODUCT_BUNDLE_IDENTIFIER = "Hak-sung-Kim.PracticeSwiftUIMemo";
				PRODUCT_NAME = "$(TARGET_NAME)";
				SWIFT_EMIT_LOC_STRINGS = YES;
				SWIFT_VERSION = 5.0;
				TARGETED_DEVICE_FAMILY = "1,2";
			};
			name = Release;
		};
/* End XCBuildConfiguration section */

/* Begin XCConfigurationList section */
		4F17ADC72911477E00F6CAAA /* Build configuration list for PBXProject "PracticeSwiftUIMemo" */ = {
			isa = XCConfigurationList;
			buildConfigurations = (
				4F17ADDD2911478000F6CAAA /* Debug */,
				4F17ADDE2911478000F6CAAA /* Release */,
			);
			defaultConfigurationIsVisible = 0;
			defaultConfigurationName = Release;
		};
		4F17ADDF2911478000F6CAAA /* Build configuration list for PBXNativeTarget "PracticeSwiftUIMemo" */ = {
			isa = XCConfigurationList;
			buildConfigurations = (
				4F17ADE02911478000F6CAAA /* Debug */,
				4F17ADE12911478000F6CAAA /* Release */,
			);
			defaultConfigurationIsVisible = 0;
			defaultConfigurationName = Release;
		};
/* End XCConfigurationList section */

/* Begin XCVersionGroup section */
		4F17ADDA2911478000F6CAAA /* PracticeSwiftUIMemo.xcdatamodeld */ = {
			isa = XCVersionGroup;
			children = (
				4F17ADDB2911478000F6CAAA /* PracticeSwiftUIMemo.xcdatamodel */,
			);
			currentVersion = 4F17ADDB2911478000F6CAAA /* PracticeSwiftUIMemo.xcdatamodel */;
			path = PracticeSwiftUIMemo.xcdatamodeld;
			sourceTree = "<group>";
			versionGroupType = wrapper.xcdatamodel;
		};
/* End XCVersionGroup section */
	};
	rootObject = 4F17ADC42911477E00F6CAAA /* Project object */;
}
